
Microsoft Visual Studio Solution File, Format Version 12.00
# Visual Studio Version 16
VisualStudioVersion = 16.0.32002.261
MinimumVisualStudioVersion = 10.0.40219.1
Project("{9A19103F-16F7-4668-BE54-9A1E7A4F7556}") = "DataAccess", "DataAccess\DataAccess.csproj", "{D68EBB5F-ED03-4292-95C6-90400EF97C99}"
EndProject
Project("{9A19103F-16F7-4668-BE54-9A1E7A4F7556}") = "Business", "Business\Business.csproj", "{FA27CE9E-D456-405D-A9D2-60A476748DA2}"
EndProject
Project("{9A19103F-16F7-4668-BE54-9A1E7A4F7556}") = "Entities", "Entities\Entities.csproj", "{1C442643-B994-4E47-86F4-2E9D723B58DE}"
EndProject
Project("{9A19103F-16F7-4668-BE54-9A1E7A4F7556}") = "ConsoleUI", "ConsoleUI\ConsoleUI.csproj", "{1E17132C-1E69-4BB1-A9A9-178888F62EDF}"
EndProject
Project("{FAE04EC0-301F-11D3-BF4B-00C04F79EFBC}") = "Core", "Core\Core.csproj", "{500AD0F5-D3D4-4ED7-AF1E-94BD05994BBE}"
EndProject
Global
	GlobalSection(SolutionConfigurationPlatforms) = preSolution
		Debug|Any CPU = Debug|Any CPU
		Release|Any CPU = Release|Any CPU
	EndGlobalSection
	GlobalSection(ProjectConfigurationPlatforms) = postSolution
		{D68EBB5F-ED03-4292-95C6-90400EF97C99}.Debug|Any CPU.ActiveCfg = Debug|Any CPU
		{D68EBB5F-ED03-4292-95C6-90400EF97C99}.Debug|Any CPU.Build.0 = Debug|Any CPU
		{D68EBB5F-ED03-4292-95C6-90400EF97C99}.Release|Any CPU.ActiveCfg = Release|Any CPU
		{D68EBB5F-ED03-4292-95C6-90400EF97C99}.Release|Any CPU.Build.0 = Release|Any CPU
		{FA27CE9E-D456-405D-A9D2-60A476748DA2}.Debug|Any CPU.ActiveCfg = Debug|Any CPU
		{FA27CE9E-D456-405D-A9D2-60A476748DA2}.Debug|Any CPU.Build.0 = Debug|Any CPU
		{FA27CE9E-D456-405D-A9D2-60A476748DA2}.Release|Any CPU.ActiveCfg = Release|Any CPU
		{FA27CE9E-D456-405D-A9D2-60A476748DA2}.Release|Any CPU.Build.0 = Release|Any CPU
		{1C442643-B994-4E47-86F4-2E9D723B58DE}.Debug|Any CPU.ActiveCfg = Debug|Any CPU
		{1C442643-B994-4E47-86F4-2E9D723B58DE}.Debug|Any CPU.Build.0 = Debug|Any CPU
		{1C442643-B994-4E47-86F4-2E9D723B58DE}.Release|Any CPU.ActiveCfg = Release|Any CPU
		{1C442643-B994-4E47-86F4-2E9D723B58DE}.Release|Any CPU.Build.0 = Release|Any CPU
		{1E17132C-1E69-4BB1-A9A9-178888F62EDF}.Debug|Any CPU.ActiveCfg = Debug|Any CPU
		{1E17132C-1E69-4BB1-A9A9-178888F62EDF}.Debug|Any CPU.Build.0 = Debug|Any CPU
		{1E17132C-1E69-4BB1-A9A9-178888F62EDF}.Release|Any CPU.ActiveCfg = Release|Any CPU
		{1E17132C-1E69-4BB1-A9A9-178888F62EDF}.Release|Any CPU.Build.0 = Release|Any CPU
		{500AD0F5-D3D4-4ED7-AF1E-94BD05994BBE}.Debug|Any CPU.ActiveCfg = Debug|Any CPU
		{500AD0F5-D3D4-4ED7-AF1E-94BD05994BBE}.Debug|Any CPU.Build.0 = Debug|Any CPU
		{500AD0F5-D3D4-4ED7-AF1E-94BD05994BBE}.Release|Any CPU.ActiveCfg = Release|Any CPU
		{500AD0F5-D3D4-4ED7-AF1E-94BD05994BBE}.Release|Any CPU.Build.0 = Release|Any CPU
	EndGlobalSection
	GlobalSection(SolutionProperties) = preSolution
		HideSolutionNode = FALSE
	EndGlobalSection
	GlobalSection(ExtensibilityGlobals) = postSolution
		SolutionGuid = {4B56A128-6416-47D3-8C46-766DE1EB18E0}
	EndGlobalSection
EndGlobal
